# This file is autogenerated, do not edit; changes may be undone by the next 'dep ensure'.


[[projects]]
  digest = "1:0a6601bdbdc44a799b6b59d7ea57de756fd1f46a37aaaaa07c3a1e7b3e2b7799"
  name = "github.com/gophish/gophish"
  packages = ["config"]
  pruneopts = "UT"
  revision = "d04c562d7e9637db1ef5d258017553438de87504"
  version = "v0.1.2"

[[projects]]
  digest = "1:100a36e16f77aaad7c9144ab26bcefb92c5b6ebed5b137f935fdc11f541fa5b8"
  name = "golang.org/x/crypto"
  packages = ["md4"]
  pruneopts = "UT"
  revision = "c2843e01d9a2bc60bb26ad24e09734fdc2d9ec58"

[solve-meta]
  analyzer-name = "dep"
  analyzer-version = 1
  input-imports = [
    "github.com/gophish/gophish/config",
    "golang.org/x/crypto/md4",
  ]
  solver-name = "gps-cdcl"
  solver-version = 1
