# This file is autogenerated, do not edit; changes may be undone by the next 'dep ensure'.


[[projects]]
  branch = "v0.0.0"
  digest = "1:db55103471575a6a390d1a862c9658075d3bb04a436e97d229e9e2f94c23e1f9"
  name = "golang.org/x/crypto"
  packages = [
    "chacha20",
    "internal/subtle",
  ]
  pruneopts = "UT"
  revision = "c2843e01d9a2"

[[projects]]
  branch = "v0.0.0"
  digest = "1:0110babbeb34e338aca6f831fcd8c4eb32a5e5844ca1b8d25a95a56308028e53"
  name = "golang.org/x/sys"
  packages = ["cpu"]
  pruneopts = "UT"
  revision = "c3d80250170dec19bf61949c81233cede5ddaf61"

[solve-meta]
  analyzer-name = "dep"
  analyzer-version = 1
  input-imports = ["golang.org/x/crypto/chacha20"]
  solver-name = "gps-cdcl"
  solver-version = 1
